{
  "requires": true,
  "lockfileVersion": 1,
  "dependencies": {
    "@babel/runtime": {
      "version": "7.10.2",
      "resolved": "https://registry.npmjs.org/@babel/runtime/-/runtime-7.10.2.tgz",
      "integrity": "sha512-6sF3uQw2ivImfVIl62RZ7MXhO2tap69WeWK57vAaimT6AZbE4FbqjdEJIN1UqoD6wI6B+1n9UiagafH1sxjOtg==",
      "requires": {
        "regenerator-runtime": "^0.13.4"
      }
    },
    "antd-img-crop": {
      "version": "3.4.2",
      "resolved": "https://registry.npmjs.org/antd-img-crop/-/antd-img-crop-3.4.2.tgz",
      "integrity": "sha512-9GooNw7iOqTTfEVjl9Udbh9D7jnnL0Z4tYAi7U5gDrpuw9MMNol2+1lddvptPkH0wY+RWQw9voIuSfpRM/Nhlw==",
      "requires": {
        "@babel/runtime": "^7.10.2",
        "react-easy-crop": "^3.0.1"
      }
    },
    "date-fns": {
      "version": "2.14.0",
      "resolved": "https://registry.npmjs.org/date-fns/-/date-fns-2.14.0.tgz",
      "integrity": "sha512-1zD+68jhFgDIM0rF05rcwYO8cExdNqxjq4xP1QKM60Q45mnO6zaMWB4tOzrIr4M4GSLntsKeE4c9Bdl2jhL/yw=="
    },
    "prettier": {
      "version": "2.0.5",
      "resolved": "https://registry.npmjs.org/prettier/-/prettier-2.0.5.tgz",
      "integrity": "sha512-7PtVymN48hGcO4fGjybyBSIWDsLU4H4XlvOHfq91pz9kkGlonzwTfYkaIEwiRg/dAJF9YlbsduBAgtYLi+8cFg=="
    },
    "react-easy-crop": {
      "version": "3.0.1",
      "resolved": "https://registry.npmjs.org/react-easy-crop/-/react-easy-crop-3.0.1.tgz",
      "integrity": "sha512-/jYq4uD1zHvbWKBIerYGZnGooLZdG/ANlNxQ4iYg1QZg2r1Um6BLY0wphWVeprVvI5Elxvg3wFjIuucMNAnYZQ==",
      "requires": {
        "tslib": "1.11.2"
      }
    },
    "reaudio": {
      "version": "0.1.8",
      "resolved": "https://registry.npmjs.org/reaudio/-/reaudio-0.1.8.tgz",
      "integrity": "sha512-ixj47y8YJXOTsOMM6Bul7Yc5J+iIlnVyVAPqgBAeoL4m1MeAYWVjfOMS0d2+jMMEax8Q0C7zA6SpphcL/304kg=="
    },
    "regenerator-runtime": {
      "version": "0.13.5",
      "resolved": "https://registry.npmjs.org/regenerator-runtime/-/regenerator-runtime-0.13.5.tgz",
      "integrity": "sha512-ZS5w8CpKFinUzOwW3c83oPeVXoNsrLsaCoLtJvAClH135j/R77RuymhiSErhm2lKcwSCIpmvIWSbDkIfAqKQlA=="
    },
    "tslib": {
      "version": "1.11.2",
      "resolved": "https://registry.npmjs.org/tslib/-/tslib-1.11.2.tgz",
      "integrity": "sha512-tTSkux6IGPnUGUd1XAZHcpu85MOkIl5zX49pO+jfsie3eP0B6pyhOlLXm3cAC6T7s+euSDDUUV+Acop5WmtkVg=="
    }
  }
}
